
Microsoft Visual Studio Solution File, Format Version 12.00
# Visual Studio Version 17
VisualStudioVersion = 17.9.34616.47
MinimumVisualStudioVersion = 10.0.40219.1
Project("{FAE04EC0-301F-11D3-BF4B-00C04F79EFBC}") = "Fastigheterse", "Fastigheterse.csproj", "{503A1A1D-08A2-401C-8739-5EE6999F0ACC}"
EndProject
Global
	GlobalSection(SolutionConfigurationPlatforms) = preSolution
		Debug|Any CPU = Debug|Any CPU
		Release|Any CPU = Release|Any CPU
	EndGlobalSection
	GlobalSection(ProjectConfigurationPlatforms) = postSolution
		{503A1A1D-08A2-401C-8739-5EE6999F0ACC}.Debug|Any CPU.ActiveCfg = Debug|Any CPU
		{503A1A1D-08A2-401C-8739-5EE6999F0ACC}.Debug|Any CPU.Build.0 = Debug|Any CPU
		{503A1A1D-08A2-401C-8739-5EE6999F0ACC}.Release|Any CPU.ActiveCfg = Release|Any CPU
		{503A1A1D-08A2-401C-8739-5EE6999F0ACC}.Release|Any CPU.Build.0 = Release|Any CPU
	EndGlobalSection
	GlobalSection(SolutionProperties) = preSolution
		HideSolutionNode = FALSE
	EndGlobalSection
	GlobalSection(ExtensibilityGlobals) = postSolution
		SolutionGuid = {98268E98-09B1-4BCA-8F42-AA3C952566CD}
	EndGlobalSection
EndGlobal
